
Microsoft Visual Studio Solution File, Format Version 12.00
# Visual Studio Version 16
VisualStudioVersion = 16.0.33130.400
MinimumVisualStudioVersion = 10.0.40219.1
Project("{FAE04EC0-301F-11D3-BF4B-00C04F79EFBC}") = "Ass_Bus", "Ass_Bus.csproj", "{03D6A686-03E7-4A45-9C5E-EFCF26358A86}"
EndProject
Global
	GlobalSection(SolutionConfigurationPlatforms) = preSolution
		Debug|Any CPU = Debug|Any CPU
		Release|Any CPU = Release|Any CPU
	EndGlobalSection
	GlobalSection(ProjectConfigurationPlatforms) = postSolution
		{03D6A686-03E7-4A45-9C5E-EFCF26358A86}.Debug|Any CPU.ActiveCfg = Debug|Any CPU
		{03D6A686-03E7-4A45-9C5E-EFCF26358A86}.Debug|Any CPU.Build.0 = Debug|Any CPU
		{03D6A686-03E7-4A45-9C5E-EFCF26358A86}.Release|Any CPU.ActiveCfg = Release|Any CPU
		{03D6A686-03E7-4A45-9C5E-EFCF26358A86}.Release|Any CPU.Build.0 = Release|Any CPU
	EndGlobalSection
	GlobalSection(SolutionProperties) = preSolution
		HideSolutionNode = FALSE
	EndGlobalSection
	GlobalSection(ExtensibilityGlobals) = postSolution
		SolutionGuid = {78A1F5D4-2CC3-4CD9-9268-F05DAF810606}
	EndGlobalSection
EndGlobal
